{
  "name": "portal-emprego-estagio",
  "lockfileVersion": 3,
  "requires": true,
  "packages": {
    "": {
      "dependencies": {
        "luxon": "^3.4.4",
        "ng2-currency-mask": "^13.0.3",
        "ngx-mask": "^17.0.8"
      },
      "devDependencies": {
        "@types/luxon": "^3.4.2"
      }
    },
    "node_modules/@angular/common": {
      "version": "18.0.0",
      "resolved": "https://registry.npmjs.org/@angular/common/-/common-18.0.0.tgz",
      "integrity": "sha512-s43ZcOhXTUlkdOPMiMtr4Pz1qKIS8nClXhaahY0JBQZYGsOSn7NR42SoEeB8/ixktfY60s3SLhizXTKMAYtOTA==",
      "peer": true,
      "dependencies": {
        "tslib": "^2.3.0"
      },
      "engines": {
        "node": "^18.13.0 || >=20.9.0"
      },
      "peerDependencies": {
        "@angular/core": "18.0.0",
        "rxjs": "^6.5.3 || ^7.4.0"
      }
    },
    "node_modules/@angular/core": {
      "version": "18.0.0",
      "resolved": "https://registry.npmjs.org/@angular/core/-/core-18.0.0.tgz",
      "integrity": "sha512-tpR7HIY4MJuM9ETpG15IvBr1wsI8Cyec3ZxYFe/27FKHARvxDbqIrT9QevmC6lxg1NdfD990G2XphYML1EyJ8g==",
      "peer": true,
      "dependencies": {
        "tslib": "^2.3.0"
      },
      "engines": {
        "node": "^18.13.0 || >=20.9.0"
      },
      "peerDependencies": {
        "rxjs": "^6.5.3 || ^7.4.0",
        "zone.js": "~0.14.0"
      }
    },
    "node_modules/@angular/forms": {
      "version": "18.0.0",
      "resolved": "https://registry.npmjs.org/@angular/forms/-/forms-18.0.0.tgz",
      "integrity": "sha512-Q+4WExdgALP7VJ5lKSYmpz8CtAFZI4f3n09JhExIZoPTLD/mqOJcxxO7wTc9lXG4jKSE8BlfgK2txKz1cQvrEQ==",
      "peer": true,
      "dependencies": {
        "tslib": "^2.3.0"
      },
      "engines": {
        "node": "^18.13.0 || >=20.9.0"
      },
      "peerDependencies": {
        "@angular/common": "18.0.0",
        "@angular/core": "18.0.0",
        "@angular/platform-browser": "18.0.0",
        "rxjs": "^6.5.3 || ^7.4.0"
      }
    },
    "node_modules/@angular/platform-browser": {
      "version": "18.0.0",
      "resolved": "https://registry.npmjs.org/@angular/platform-browser/-/platform-browser-18.0.0.tgz",
      "integrity": "sha512-fOqXQn15H33xGTGgNBUwXAg5KRpqcdsVfipFBuD1GMbjMLQAx/AagxsBavRiq3mKEdHZyQ+hI4mvaKQWOPKUOQ==",
      "peer": true,
      "dependencies": {
        "tslib": "^2.3.0"
      },
      "engines": {
        "node": "^18.13.0 || >=20.9.0"
      },
      "peerDependencies": {
        "@angular/animations": "18.0.0",
        "@angular/common": "18.0.0",
        "@angular/core": "18.0.0"
      },
      "peerDependenciesMeta": {
        "@angular/animations": {
          "optional": true
        }
      }
    },
    "node_modules/@types/luxon": {
      "version": "3.4.2",
      "resolved": "https://registry.npmjs.org/@types/luxon/-/luxon-3.4.2.tgz",
      "integrity": "sha512-TifLZlFudklWlMBfhubvgqTXRzLDI5pCbGa4P8a3wPyUQSW+1xQ5eDsreP9DWHX3tjq1ke96uYG/nwundroWcA==",
      "dev": true
    },
    "node_modules/luxon": {
      "version": "3.4.4",
      "resolved": "https://registry.npmjs.org/luxon/-/luxon-3.4.4.tgz",
      "integrity": "sha512-zobTr7akeGHnv7eBOXcRgMeCP6+uyYsczwmeRCauvpvaAltgNyTbLH/+VaEAPUeWBT+1GuNmz4wC/6jtQzbbVA==",
      "engines": {
        "node": ">=12"
      }
    },
    "node_modules/ng2-currency-mask": {
      "version": "13.0.3",
      "resolved": "https://registry.npmjs.org/ng2-currency-mask/-/ng2-currency-mask-13.0.3.tgz",
      "integrity": "sha512-ZTaY7sO2vFTfGtjfdu7SrHIeaRzb3oDSVHKvtcb9sYiF4ez8vzRPNjnzcmsk71RjMWl24XMFtmBDPyx/NxXsFg==",
      "dependencies": {
        "tslib": ">= 2.3.0"
      },
      "peerDependencies": {
        "@angular/common": ">= 12.x.x",
        "@angular/core": ">= 12.x.x"
      }
    },
    "node_modules/ngx-mask": {
      "version": "17.0.8",
      "resolved": "https://registry.npmjs.org/ngx-mask/-/ngx-mask-17.0.8.tgz",
      "integrity": "sha512-zTol/ntrGyBsjkaSt04e/hPmE18TjzmK8+qxU0yyvFiXo5hF8Ut34sgY3NSHAukWAeZVUruS0gVbVOVjW8n8dA==",
      "dependencies": {
        "tslib": "^2.3.0"
      },
      "peerDependencies": {
        "@angular/common": ">=14.0.0",
        "@angular/core": ">=14.0.0",
        "@angular/forms": ">=14.0.0"
      }
    },
    "node_modules/rxjs": {
      "version": "7.8.1",
      "resolved": "https://registry.npmjs.org/rxjs/-/rxjs-7.8.1.tgz",
      "integrity": "sha512-AA3TVj+0A2iuIoQkWEK/tqFjBq2j+6PO6Y0zJcvzLAFhEFIO3HL0vls9hWLncZbAAbK0mar7oZ4V079I/qPMxg==",
      "peer": true,
      "dependencies": {
        "tslib": "^2.1.0"
      }
    },
    "node_modules/tslib": {
      "version": "2.6.2",
      "resolved": "https://registry.npmjs.org/tslib/-/tslib-2.6.2.tgz",
      "integrity": "sha512-AEYxH93jGFPn/a2iVAwW87VuUIkR1FVUKB77NwMF7nBTDkDrrT/Hpt/IrCJ0QXhW27jTBDcf5ZY7w6RiqTMw2Q=="
    },
    "node_modules/zone.js": {
      "version": "0.14.6",
      "resolved": "https://registry.npmjs.org/zone.js/-/zone.js-0.14.6.tgz",
      "integrity": "sha512-vyRNFqofdaHVdWAy7v3Bzmn84a1JHWSjpuTZROT/uYn8I3p2cmo7Ro9twFmYRQDPhiYOV7QLk0hhY4JJQVqS6Q==",
      "peer": true
    }
  }
}
